
Microsoft Visual Studio Solution File, Format Version 12.00
# Visual Studio Version 16
VisualStudioVersion = 16.0.32002.261
MinimumVisualStudioVersion = 10.0.40219.1
Project("{2150E333-8FDC-42A3-9474-1A3956D46DE8}") = "Services", "Services", "{3103CB08-60F4-453E-913F-2657011ECAE8}"
EndProject
Project("{2150E333-8FDC-42A3-9474-1A3956D46DE8}") = "Catalog", "Catalog", "{E20D9826-FF9C-44F4-961B-5C8EB2E7DF20}"
EndProject
Project("{FAE04EC0-301F-11D3-BF4B-00C04F79EFBC}") = "Catalog.API", "Services\Catalog\Catalog.API\Catalog.API.csproj", "{641C0061-DB9C-4488-A03E-EC9854BC12E9}"
EndProject
Global
	GlobalSection(SolutionConfigurationPlatforms) = preSolution
		Debug|Any CPU = Debug|Any CPU
		Release|Any CPU = Release|Any CPU
	EndGlobalSection
	GlobalSection(ProjectConfigurationPlatforms) = postSolution
		{641C0061-DB9C-4488-A03E-EC9854BC12E9}.Debug|Any CPU.ActiveCfg = Debug|Any CPU
		{641C0061-DB9C-4488-A03E-EC9854BC12E9}.Debug|Any CPU.Build.0 = Debug|Any CPU
		{641C0061-DB9C-4488-A03E-EC9854BC12E9}.Release|Any CPU.ActiveCfg = Release|Any CPU
		{641C0061-DB9C-4488-A03E-EC9854BC12E9}.Release|Any CPU.Build.0 = Release|Any CPU
	EndGlobalSection
	GlobalSection(SolutionProperties) = preSolution
		HideSolutionNode = FALSE
	EndGlobalSection
	GlobalSection(NestedProjects) = preSolution
		{E20D9826-FF9C-44F4-961B-5C8EB2E7DF20} = {3103CB08-60F4-453E-913F-2657011ECAE8}
		{641C0061-DB9C-4488-A03E-EC9854BC12E9} = {E20D9826-FF9C-44F4-961B-5C8EB2E7DF20}
	EndGlobalSection
	GlobalSection(ExtensibilityGlobals) = postSolution
		SolutionGuid = {C6700887-B7BD-46EA-8754-75CAB168C6A0}
	EndGlobalSection
EndGlobal
